
Microsoft Visual Studio Solution File, Format Version 12.00
# Visual Studio 15
VisualStudioVersion = 15.0.26430.14
MinimumVisualStudioVersion = 10.0.40219.1
Project("{FAE04EC0-301F-11D3-BF4B-00C04F79EFBC}") = "Domain.Data", "src\Domain.Data\Domain.Data.csproj", "{FC236B8E-7BDB-4A9A-8DDD-781A281FE49F}"
EndProject
Project("{FAE04EC0-301F-11D3-BF4B-00C04F79EFBC}") = "Stove.Migrator.Executer", "src\Stove.Migrator.Executer\Stove.Migrator.Executer.csproj", "{C169861E-9DB6-4FEC-B50C-72D6D43D1BE0}"
EndProject
Project("{FAE04EC0-301F-11D3-BF4B-00C04F79EFBC}") = "Stove.Migrator", "src\Stove.Migrator\Stove.Migrator.csproj", "{8CDBBE30-5E13-4266-908B-B5BD9D39C336}"
EndProject
Project("{FAE04EC0-301F-11D3-BF4B-00C04F79EFBC}") = "Domain.Data.FluentMigrator", "src\Domain.Data.FluentMigrator\Domain.Data.FluentMigrator.csproj", "{9C9D463A-19F1-48E4-A685-D33A3B00CAAE}"
EndProject
Project("{2150E333-8FDC-42A3-9474-1A3956D46DE8}") = "src", "src", "{C2384BCE-4314-4EB4-8B09-B4F3A5652388}"
EndProject
Project("{2150E333-8FDC-42A3-9474-1A3956D46DE8}") = "test", "test", "{6235FD16-1714-44FA-8017-FF223A27212E}"
EndProject
Project("{2150E333-8FDC-42A3-9474-1A3956D46DE8}") = "Solution Items", "Solution Items", "{32884801-1EE7-4B8E-84DB-D337562CD0D6}"
	ProjectSection(SolutionItems) = preProject
		.gitattributes = .gitattributes
		.gitignore = .gitignore
		README.md = README.md
	EndProjectSection
EndProject
Global
	GlobalSection(SolutionConfigurationPlatforms) = preSolution
		Debug|Any CPU = Debug|Any CPU
		Release|Any CPU = Release|Any CPU
	EndGlobalSection
	GlobalSection(ProjectConfigurationPlatforms) = postSolution
		{FC236B8E-7BDB-4A9A-8DDD-781A281FE49F}.Debug|Any CPU.ActiveCfg = Debug|Any CPU
		{FC236B8E-7BDB-4A9A-8DDD-781A281FE49F}.Debug|Any CPU.Build.0 = Debug|Any CPU
		{FC236B8E-7BDB-4A9A-8DDD-781A281FE49F}.Release|Any CPU.ActiveCfg = Release|Any CPU
		{FC236B8E-7BDB-4A9A-8DDD-781A281FE49F}.Release|Any CPU.Build.0 = Release|Any CPU
		{C169861E-9DB6-4FEC-B50C-72D6D43D1BE0}.Debug|Any CPU.ActiveCfg = Debug|Any CPU
		{C169861E-9DB6-4FEC-B50C-72D6D43D1BE0}.Debug|Any CPU.Build.0 = Debug|Any CPU
		{C169861E-9DB6-4FEC-B50C-72D6D43D1BE0}.Release|Any CPU.ActiveCfg = Release|Any CPU
		{C169861E-9DB6-4FEC-B50C-72D6D43D1BE0}.Release|Any CPU.Build.0 = Release|Any CPU
		{8CDBBE30-5E13-4266-908B-B5BD9D39C336}.Debug|Any CPU.ActiveCfg = Debug|Any CPU
		{8CDBBE30-5E13-4266-908B-B5BD9D39C336}.Debug|Any CPU.Build.0 = Debug|Any CPU
		{8CDBBE30-5E13-4266-908B-B5BD9D39C336}.Release|Any CPU.ActiveCfg = Release|Any CPU
		{8CDBBE30-5E13-4266-908B-B5BD9D39C336}.Release|Any CPU.Build.0 = Release|Any CPU
		{9C9D463A-19F1-48E4-A685-D33A3B00CAAE}.Debug|Any CPU.ActiveCfg = Debug|Any CPU
		{9C9D463A-19F1-48E4-A685-D33A3B00CAAE}.Debug|Any CPU.Build.0 = Debug|Any CPU
		{9C9D463A-19F1-48E4-A685-D33A3B00CAAE}.Release|Any CPU.ActiveCfg = Release|Any CPU
		{9C9D463A-19F1-48E4-A685-D33A3B00CAAE}.Release|Any CPU.Build.0 = Release|Any CPU
	EndGlobalSection
	GlobalSection(SolutionProperties) = preSolution
		HideSolutionNode = FALSE
	EndGlobalSection
	GlobalSection(NestedProjects) = preSolution
		{FC236B8E-7BDB-4A9A-8DDD-781A281FE49F} = {6235FD16-1714-44FA-8017-FF223A27212E}
		{8CDBBE30-5E13-4266-908B-B5BD9D39C336} = {C2384BCE-4314-4EB4-8B09-B4F3A5652388}
		{9C9D463A-19F1-48E4-A685-D33A3B00CAAE} = {6235FD16-1714-44FA-8017-FF223A27212E}
	EndGlobalSection
EndGlobal
