
Microsoft Visual Studio Solution File, Format Version 12.00
# Visual Studio 15
VisualStudioVersion = 15.0.26430.14
MinimumVisualStudioVersion = 10.0.40219.1
Project("{2150E333-8FDC-42A3-9474-1A3956D46DE8}") = "src", "src", "{C2384BCE-4314-4EB4-8B09-B4F3A5652388}"
EndProject
Project("{2150E333-8FDC-42A3-9474-1A3956D46DE8}") = "test", "test", "{6235FD16-1714-44FA-8017-FF223A27212E}"
EndProject
Project("{2150E333-8FDC-42A3-9474-1A3956D46DE8}") = "Solution Items", "Solution Items", "{32884801-1EE7-4B8E-84DB-D337562CD0D6}"
	ProjectSection(SolutionItems) = preProject
		.gitattributes = .gitattributes
		.gitignore = .gitignore
		appveyor.yml = appveyor.yml
		build.cake = build.cake
		build.ps1 = build.ps1
		common.props = common.props
		README.md = README.md
	EndProjectSection
EndProject
Project("{9A19103F-16F7-4668-BE54-9A1E7A4F7556}") = "Stove.Migrator", "src\Stove.Migrator\Stove.Migrator.csproj", "{17BA9C7C-2729-43F1-80CF-F8877E1EBF1B}"
EndProject
Project("{9A19103F-16F7-4668-BE54-9A1E7A4F7556}") = "Stove.Migrator.Executer", "src\Stove.Migrator.Executer\Stove.Migrator.Executer.csproj", "{8BB66EAD-1F26-4B82-8846-121831FA4A1B}"
EndProject
Project("{9A19103F-16F7-4668-BE54-9A1E7A4F7556}") = "Stove.Migrator.Tests.Domain", "test\Stove.Migrator.Tests.Domain\Stove.Migrator.Tests.Domain.csproj", "{B5AD8D8B-CEB9-496C-9F69-229E5E8E31D2}"
EndProject
Project("{9A19103F-16F7-4668-BE54-9A1E7A4F7556}") = "Stove.Migrator.Tests.Domain.FluentMigrator", "test\Stove.Migrator.Tests.Domain.FluentMigrator\Stove.Migrator.Tests.Domain.FluentMigrator.csproj", "{5A96B747-BBD9-4AA5-86E8-2612C35E0F7A}"
EndProject
Global
	GlobalSection(SolutionConfigurationPlatforms) = preSolution
		Debug|Any CPU = Debug|Any CPU
		Release|Any CPU = Release|Any CPU
	EndGlobalSection
	GlobalSection(ProjectConfigurationPlatforms) = postSolution
		{17BA9C7C-2729-43F1-80CF-F8877E1EBF1B}.Debug|Any CPU.ActiveCfg = Debug|Any CPU
		{17BA9C7C-2729-43F1-80CF-F8877E1EBF1B}.Debug|Any CPU.Build.0 = Debug|Any CPU
		{17BA9C7C-2729-43F1-80CF-F8877E1EBF1B}.Release|Any CPU.ActiveCfg = Release|Any CPU
		{17BA9C7C-2729-43F1-80CF-F8877E1EBF1B}.Release|Any CPU.Build.0 = Release|Any CPU
		{8BB66EAD-1F26-4B82-8846-121831FA4A1B}.Debug|Any CPU.ActiveCfg = Debug|Any CPU
		{8BB66EAD-1F26-4B82-8846-121831FA4A1B}.Debug|Any CPU.Build.0 = Debug|Any CPU
		{8BB66EAD-1F26-4B82-8846-121831FA4A1B}.Release|Any CPU.ActiveCfg = Release|Any CPU
		{8BB66EAD-1F26-4B82-8846-121831FA4A1B}.Release|Any CPU.Build.0 = Release|Any CPU
		{B5AD8D8B-CEB9-496C-9F69-229E5E8E31D2}.Debug|Any CPU.ActiveCfg = Debug|Any CPU
		{B5AD8D8B-CEB9-496C-9F69-229E5E8E31D2}.Debug|Any CPU.Build.0 = Debug|Any CPU
		{B5AD8D8B-CEB9-496C-9F69-229E5E8E31D2}.Release|Any CPU.ActiveCfg = Release|Any CPU
		{B5AD8D8B-CEB9-496C-9F69-229E5E8E31D2}.Release|Any CPU.Build.0 = Release|Any CPU
		{5A96B747-BBD9-4AA5-86E8-2612C35E0F7A}.Debug|Any CPU.ActiveCfg = Debug|Any CPU
		{5A96B747-BBD9-4AA5-86E8-2612C35E0F7A}.Debug|Any CPU.Build.0 = Debug|Any CPU
		{5A96B747-BBD9-4AA5-86E8-2612C35E0F7A}.Release|Any CPU.ActiveCfg = Release|Any CPU
		{5A96B747-BBD9-4AA5-86E8-2612C35E0F7A}.Release|Any CPU.Build.0 = Release|Any CPU
	EndGlobalSection
	GlobalSection(SolutionProperties) = preSolution
		HideSolutionNode = FALSE
	EndGlobalSection
	GlobalSection(NestedProjects) = preSolution
		{17BA9C7C-2729-43F1-80CF-F8877E1EBF1B} = {C2384BCE-4314-4EB4-8B09-B4F3A5652388}
		{B5AD8D8B-CEB9-496C-9F69-229E5E8E31D2} = {6235FD16-1714-44FA-8017-FF223A27212E}
		{5A96B747-BBD9-4AA5-86E8-2612C35E0F7A} = {6235FD16-1714-44FA-8017-FF223A27212E}
	EndGlobalSection
EndGlobal
